
Microsoft Visual Studio Solution File, Format Version 12.00
# Visual Studio Version 17
VisualStudioVersion = 17.5.002.0
MinimumVisualStudioVersion = 10.0.40219.1
Project("{9A19103F-16F7-4668-BE54-9A1E7A4F7556}") = "laptop", "laptop\laptop.csproj", "{5773CBEB-8D4D-4E0F-B105-01AC780011A3}"
EndProject
Project("{9A19103F-16F7-4668-BE54-9A1E7A4F7556}") = "testing", "testing\testing.csproj", "{9C8DC10C-527C-45B6-A974-065FAA673736}"
EndProject
Project("{2150E333-8FDC-42A3-9474-1A3956D46DE8}") = "csharp-prep", "csharp-prep", "{7F26D3A7-D104-4B1C-80BD-A68F927B7364}"
EndProject
Project("{9A19103F-16F7-4668-BE54-9A1E7A4F7556}") = "Prep1", "csharp-prep\Prep1\Prep1.csproj", "{DDA6BC1A-E7A6-4C17-9DB8-5B9A755CC933}"
EndProject
Project("{9A19103F-16F7-4668-BE54-9A1E7A4F7556}") = "Prep2", "csharp-prep\Prep2\Prep2.csproj", "{EF836E0A-2E06-4A83-88EB-C2E97643BF99}"
EndProject
Project("{9A19103F-16F7-4668-BE54-9A1E7A4F7556}") = "Prep3", "csharp-prep\Prep3\Prep3.csproj", "{9CFF03B5-149D-4788-80CD-0F90A2A58659}"
EndProject
Project("{9A19103F-16F7-4668-BE54-9A1E7A4F7556}") = "Prep4", "csharp-prep\Prep4\Prep4.csproj", "{B3EE4AD7-D7E8-447D-ABE6-DC9E764380AD}"
EndProject
Project("{9A19103F-16F7-4668-BE54-9A1E7A4F7556}") = "Prep5", "csharp-prep\Prep5\Prep5.csproj", "{1E43A0EA-9A78-4618-8E3B-8F8C2F833F04}"
EndProject
Project("{2150E333-8FDC-42A3-9474-1A3956D46DE8}") = "final", "final", "{99F77982-9FE2-4B5E-A590-670732AA9C6B}"
EndProject
Project("{9A19103F-16F7-4668-BE54-9A1E7A4F7556}") = "FinalProject", "final\FinalProject\FinalProject.csproj", "{6CABA8AC-A822-4D76-B966-7FE3402257D0}"
EndProject
Project("{9A19103F-16F7-4668-BE54-9A1E7A4F7556}") = "Foundation1", "final\Foundation1\Foundation1.csproj", "{5F93DE4F-EB9C-427D-877F-07AAB6C94307}"
EndProject
Project("{9A19103F-16F7-4668-BE54-9A1E7A4F7556}") = "Foundation2", "final\Foundation2\Foundation2.csproj", "{E0D74A84-906B-44DE-8073-CE53ED5C1B07}"
EndProject
Project("{9A19103F-16F7-4668-BE54-9A1E7A4F7556}") = "Foundation3", "final\Foundation3\Foundation3.csproj", "{83EEEB17-6B32-4F09-87EF-EDE60B10A4E1}"
EndProject
Project("{9A19103F-16F7-4668-BE54-9A1E7A4F7556}") = "Foundation4", "final\Foundation4\Foundation4.csproj", "{663AB062-4965-45D9-8AB3-7E997BE32BC9}"
EndProject
Project("{2150E333-8FDC-42A3-9474-1A3956D46DE8}") = "Homework", "Homework", "{1E85B694-86AB-42DB-89C7-FA4F56F50F71}"
EndProject
Project("{9A19103F-16F7-4668-BE54-9A1E7A4F7556}") = "Journal work", "Homework\Journal work\Journal work.csproj", "{8A23874D-36AB-46FA-84AB-6064F47CA052}"
EndProject
Project("{9A19103F-16F7-4668-BE54-9A1E7A4F7556}") = "week3work", "Homework\week3work\week3work.csproj", "{65E980B5-5819-47FF-A553-9D468D2EEF26}"
EndProject
Project("{2150E333-8FDC-42A3-9474-1A3956D46DE8}") = "in_class_folder", "in_class_folder", "{C8D4ED17-1FB2-4687-BA52-E41651604724}"
EndProject
Project("{9A19103F-16F7-4668-BE54-9A1E7A4F7556}") = "tournaments", "in_class_folder\tournaments\tournaments.csproj", "{D98DEB9B-E932-4E63-9A27-25CD8120997E}"
EndProject
Project("{9A19103F-16F7-4668-BE54-9A1E7A4F7556}") = "Week 5", "in_class_folder\Week 5\Week 5.csproj", "{D227E8A6-7F44-4F13-A9F1-B983A4BB9470}"
EndProject
Project("{2150E333-8FDC-42A3-9474-1A3956D46DE8}") = "prepare", "prepare", "{58806FDD-4F77-4893-8A51-02DB5305F1D4}"
EndProject
Project("{9A19103F-16F7-4668-BE54-9A1E7A4F7556}") = "Learning02", "prepare\Learning02\Learning02.csproj", "{50C38AF8-182E-4D1C-9653-386841FD89B9}"
EndProject
Project("{9A19103F-16F7-4668-BE54-9A1E7A4F7556}") = "Learning03", "prepare\Learning03\Learning03.csproj", "{A191E938-8EE9-4B46-882E-0F8283F7CA32}"
EndProject
Project("{9A19103F-16F7-4668-BE54-9A1E7A4F7556}") = "Learning04", "prepare\Learning04\Learning04.csproj", "{81EC4367-A22C-4339-BC81-FF743068F53B}"
EndProject
Project("{9A19103F-16F7-4668-BE54-9A1E7A4F7556}") = "Learning05", "prepare\Learning05\Learning05.csproj", "{78EAD179-43E9-4558-AEDA-96E24E8A70DA}"
EndProject
Project("{2150E333-8FDC-42A3-9474-1A3956D46DE8}") = "prove", "prove", "{7667BD74-BA31-466C-9D06-26B973A17D5E}"
EndProject
Project("{9A19103F-16F7-4668-BE54-9A1E7A4F7556}") = "Develop02", "prove\Develop02\Develop02.csproj", "{A8E3C17F-34A9-4910-BD3B-A15428D33583}"
EndProject
Project("{9A19103F-16F7-4668-BE54-9A1E7A4F7556}") = "Develop03", "prove\Develop03\Develop03.csproj", "{D4A986C8-487C-4B84-97B1-D739D8BAC4D3}"
EndProject
Project("{9A19103F-16F7-4668-BE54-9A1E7A4F7556}") = "Develop04", "prove\Develop04\Develop04.csproj", "{0FA29F9D-29E6-4108-AA3C-DBB4192A43EA}"
EndProject
Project("{9A19103F-16F7-4668-BE54-9A1E7A4F7556}") = "Develop05", "prove\Develop05\Develop05.csproj", "{D8D0D6EA-BCF1-44FB-8454-452D984B1C3F}"
EndProject
Project("{2150E333-8FDC-42A3-9474-1A3956D46DE8}") = "sandbox", "sandbox", "{AB17B294-BCFF-493E-B0AA-F9C28AAD8F3C}"
EndProject
Project("{9A19103F-16F7-4668-BE54-9A1E7A4F7556}") = "Sandbox", "sandbox\Sandbox\Sandbox.csproj", "{E40E4651-C0A8-4FAD-AF19-227B21FE6045}"
EndProject
Global
	GlobalSection(SolutionConfigurationPlatforms) = preSolution
		Debug|Any CPU = Debug|Any CPU
		Release|Any CPU = Release|Any CPU
	EndGlobalSection
	GlobalSection(ProjectConfigurationPlatforms) = postSolution
		{5773CBEB-8D4D-4E0F-B105-01AC780011A3}.Debug|Any CPU.ActiveCfg = Debug|Any CPU
		{5773CBEB-8D4D-4E0F-B105-01AC780011A3}.Debug|Any CPU.Build.0 = Debug|Any CPU
		{5773CBEB-8D4D-4E0F-B105-01AC780011A3}.Release|Any CPU.ActiveCfg = Release|Any CPU
		{5773CBEB-8D4D-4E0F-B105-01AC780011A3}.Release|Any CPU.Build.0 = Release|Any CPU
		{9C8DC10C-527C-45B6-A974-065FAA673736}.Debug|Any CPU.ActiveCfg = Debug|Any CPU
		{9C8DC10C-527C-45B6-A974-065FAA673736}.Debug|Any CPU.Build.0 = Debug|Any CPU
		{9C8DC10C-527C-45B6-A974-065FAA673736}.Release|Any CPU.ActiveCfg = Release|Any CPU
		{9C8DC10C-527C-45B6-A974-065FAA673736}.Release|Any CPU.Build.0 = Release|Any CPU
		{DDA6BC1A-E7A6-4C17-9DB8-5B9A755CC933}.Debug|Any CPU.ActiveCfg = Debug|Any CPU
		{DDA6BC1A-E7A6-4C17-9DB8-5B9A755CC933}.Debug|Any CPU.Build.0 = Debug|Any CPU
		{DDA6BC1A-E7A6-4C17-9DB8-5B9A755CC933}.Release|Any CPU.ActiveCfg = Release|Any CPU
		{DDA6BC1A-E7A6-4C17-9DB8-5B9A755CC933}.Release|Any CPU.Build.0 = Release|Any CPU
		{EF836E0A-2E06-4A83-88EB-C2E97643BF99}.Debug|Any CPU.ActiveCfg = Debug|Any CPU
		{EF836E0A-2E06-4A83-88EB-C2E97643BF99}.Debug|Any CPU.Build.0 = Debug|Any CPU
		{EF836E0A-2E06-4A83-88EB-C2E97643BF99}.Release|Any CPU.ActiveCfg = Release|Any CPU
		{EF836E0A-2E06-4A83-88EB-C2E97643BF99}.Release|Any CPU.Build.0 = Release|Any CPU
		{9CFF03B5-149D-4788-80CD-0F90A2A58659}.Debug|Any CPU.ActiveCfg = Debug|Any CPU
		{9CFF03B5-149D-4788-80CD-0F90A2A58659}.Debug|Any CPU.Build.0 = Debug|Any CPU
		{9CFF03B5-149D-4788-80CD-0F90A2A58659}.Release|Any CPU.ActiveCfg = Release|Any CPU
		{9CFF03B5-149D-4788-80CD-0F90A2A58659}.Release|Any CPU.Build.0 = Release|Any CPU
		{B3EE4AD7-D7E8-447D-ABE6-DC9E764380AD}.Debug|Any CPU.ActiveCfg = Debug|Any CPU
		{B3EE4AD7-D7E8-447D-ABE6-DC9E764380AD}.Debug|Any CPU.Build.0 = Debug|Any CPU
		{B3EE4AD7-D7E8-447D-ABE6-DC9E764380AD}.Release|Any CPU.ActiveCfg = Release|Any CPU
		{B3EE4AD7-D7E8-447D-ABE6-DC9E764380AD}.Release|Any CPU.Build.0 = Release|Any CPU
		{1E43A0EA-9A78-4618-8E3B-8F8C2F833F04}.Debug|Any CPU.ActiveCfg = Debug|Any CPU
		{1E43A0EA-9A78-4618-8E3B-8F8C2F833F04}.Debug|Any CPU.Build.0 = Debug|Any CPU
		{1E43A0EA-9A78-4618-8E3B-8F8C2F833F04}.Release|Any CPU.ActiveCfg = Release|Any CPU
		{1E43A0EA-9A78-4618-8E3B-8F8C2F833F04}.Release|Any CPU.Build.0 = Release|Any CPU
		{6CABA8AC-A822-4D76-B966-7FE3402257D0}.Debug|Any CPU.ActiveCfg = Debug|Any CPU
		{6CABA8AC-A822-4D76-B966-7FE3402257D0}.Debug|Any CPU.Build.0 = Debug|Any CPU
		{6CABA8AC-A822-4D76-B966-7FE3402257D0}.Release|Any CPU.ActiveCfg = Release|Any CPU
		{6CABA8AC-A822-4D76-B966-7FE3402257D0}.Release|Any CPU.Build.0 = Release|Any CPU
		{5F93DE4F-EB9C-427D-877F-07AAB6C94307}.Debug|Any CPU.ActiveCfg = Debug|Any CPU
		{5F93DE4F-EB9C-427D-877F-07AAB6C94307}.Debug|Any CPU.Build.0 = Debug|Any CPU
		{5F93DE4F-EB9C-427D-877F-07AAB6C94307}.Release|Any CPU.ActiveCfg = Release|Any CPU
		{5F93DE4F-EB9C-427D-877F-07AAB6C94307}.Release|Any CPU.Build.0 = Release|Any CPU
		{E0D74A84-906B-44DE-8073-CE53ED5C1B07}.Debug|Any CPU.ActiveCfg = Debug|Any CPU
		{E0D74A84-906B-44DE-8073-CE53ED5C1B07}.Debug|Any CPU.Build.0 = Debug|Any CPU
		{E0D74A84-906B-44DE-8073-CE53ED5C1B07}.Release|Any CPU.ActiveCfg = Release|Any CPU
		{E0D74A84-906B-44DE-8073-CE53ED5C1B07}.Release|Any CPU.Build.0 = Release|Any CPU
		{83EEEB17-6B32-4F09-87EF-EDE60B10A4E1}.Debug|Any CPU.ActiveCfg = Debug|Any CPU
		{83EEEB17-6B32-4F09-87EF-EDE60B10A4E1}.Debug|Any CPU.Build.0 = Debug|Any CPU
		{83EEEB17-6B32-4F09-87EF-EDE60B10A4E1}.Release|Any CPU.ActiveCfg = Release|Any CPU
		{83EEEB17-6B32-4F09-87EF-EDE60B10A4E1}.Release|Any CPU.Build.0 = Release|Any CPU
		{663AB062-4965-45D9-8AB3-7E997BE32BC9}.Debug|Any CPU.ActiveCfg = Debug|Any CPU
		{663AB062-4965-45D9-8AB3-7E997BE32BC9}.Debug|Any CPU.Build.0 = Debug|Any CPU
		{663AB062-4965-45D9-8AB3-7E997BE32BC9}.Release|Any CPU.ActiveCfg = Release|Any CPU
		{663AB062-4965-45D9-8AB3-7E997BE32BC9}.Release|Any CPU.Build.0 = Release|Any CPU
		{8A23874D-36AB-46FA-84AB-6064F47CA052}.Debug|Any CPU.ActiveCfg = Debug|Any CPU
		{8A23874D-36AB-46FA-84AB-6064F47CA052}.Debug|Any CPU.Build.0 = Debug|Any CPU
		{8A23874D-36AB-46FA-84AB-6064F47CA052}.Release|Any CPU.ActiveCfg = Release|Any CPU
		{8A23874D-36AB-46FA-84AB-6064F47CA052}.Release|Any CPU.Build.0 = Release|Any CPU
		{65E980B5-5819-47FF-A553-9D468D2EEF26}.Debug|Any CPU.ActiveCfg = Debug|Any CPU
		{65E980B5-5819-47FF-A553-9D468D2EEF26}.Debug|Any CPU.Build.0 = Debug|Any CPU
		{65E980B5-5819-47FF-A553-9D468D2EEF26}.Release|Any CPU.ActiveCfg = Release|Any CPU
		{65E980B5-5819-47FF-A553-9D468D2EEF26}.Release|Any CPU.Build.0 = Release|Any CPU
		{D98DEB9B-E932-4E63-9A27-25CD8120997E}.Debug|Any CPU.ActiveCfg = Debug|Any CPU
		{D98DEB9B-E932-4E63-9A27-25CD8120997E}.Debug|Any CPU.Build.0 = Debug|Any CPU
		{D98DEB9B-E932-4E63-9A27-25CD8120997E}.Release|Any CPU.ActiveCfg = Release|Any CPU
		{D98DEB9B-E932-4E63-9A27-25CD8120997E}.Release|Any CPU.Build.0 = Release|Any CPU
		{D227E8A6-7F44-4F13-A9F1-B983A4BB9470}.Debug|Any CPU.ActiveCfg = Debug|Any CPU
		{D227E8A6-7F44-4F13-A9F1-B983A4BB9470}.Debug|Any CPU.Build.0 = Debug|Any CPU
		{D227E8A6-7F44-4F13-A9F1-B983A4BB9470}.Release|Any CPU.ActiveCfg = Release|Any CPU
		{D227E8A6-7F44-4F13-A9F1-B983A4BB9470}.Release|Any CPU.Build.0 = Release|Any CPU
		{50C38AF8-182E-4D1C-9653-386841FD89B9}.Debug|Any CPU.ActiveCfg = Debug|Any CPU
		{50C38AF8-182E-4D1C-9653-386841FD89B9}.Debug|Any CPU.Build.0 = Debug|Any CPU
		{50C38AF8-182E-4D1C-9653-386841FD89B9}.Release|Any CPU.ActiveCfg = Release|Any CPU
		{50C38AF8-182E-4D1C-9653-386841FD89B9}.Release|Any CPU.Build.0 = Release|Any CPU
		{A191E938-8EE9-4B46-882E-0F8283F7CA32}.Debug|Any CPU.ActiveCfg = Debug|Any CPU
		{A191E938-8EE9-4B46-882E-0F8283F7CA32}.Debug|Any CPU.Build.0 = Debug|Any CPU
		{A191E938-8EE9-4B46-882E-0F8283F7CA32}.Release|Any CPU.ActiveCfg = Release|Any CPU
		{A191E938-8EE9-4B46-882E-0F8283F7CA32}.Release|Any CPU.Build.0 = Release|Any CPU
		{81EC4367-A22C-4339-BC81-FF743068F53B}.Debug|Any CPU.ActiveCfg = Debug|Any CPU
		{81EC4367-A22C-4339-BC81-FF743068F53B}.Debug|Any CPU.Build.0 = Debug|Any CPU
		{81EC4367-A22C-4339-BC81-FF743068F53B}.Release|Any CPU.ActiveCfg = Release|Any CPU
		{81EC4367-A22C-4339-BC81-FF743068F53B}.Release|Any CPU.Build.0 = Release|Any CPU
		{78EAD179-43E9-4558-AEDA-96E24E8A70DA}.Debug|Any CPU.ActiveCfg = Debug|Any CPU
		{78EAD179-43E9-4558-AEDA-96E24E8A70DA}.Debug|Any CPU.Build.0 = Debug|Any CPU
		{78EAD179-43E9-4558-AEDA-96E24E8A70DA}.Release|Any CPU.ActiveCfg = Release|Any CPU
		{78EAD179-43E9-4558-AEDA-96E24E8A70DA}.Release|Any CPU.Build.0 = Release|Any CPU
		{A8E3C17F-34A9-4910-BD3B-A15428D33583}.Debug|Any CPU.ActiveCfg = Debug|Any CPU
		{A8E3C17F-34A9-4910-BD3B-A15428D33583}.Debug|Any CPU.Build.0 = Debug|Any CPU
		{A8E3C17F-34A9-4910-BD3B-A15428D33583}.Release|Any CPU.ActiveCfg = Release|Any CPU
		{A8E3C17F-34A9-4910-BD3B-A15428D33583}.Release|Any CPU.Build.0 = Release|Any CPU
		{D4A986C8-487C-4B84-97B1-D739D8BAC4D3}.Debug|Any CPU.ActiveCfg = Debug|Any CPU
		{D4A986C8-487C-4B84-97B1-D739D8BAC4D3}.Debug|Any CPU.Build.0 = Debug|Any CPU
		{D4A986C8-487C-4B84-97B1-D739D8BAC4D3}.Release|Any CPU.ActiveCfg = Release|Any CPU
		{D4A986C8-487C-4B84-97B1-D739D8BAC4D3}.Release|Any CPU.Build.0 = Release|Any CPU
		{0FA29F9D-29E6-4108-AA3C-DBB4192A43EA}.Debug|Any CPU.ActiveCfg = Debug|Any CPU
		{0FA29F9D-29E6-4108-AA3C-DBB4192A43EA}.Debug|Any CPU.Build.0 = Debug|Any CPU
		{0FA29F9D-29E6-4108-AA3C-DBB4192A43EA}.Release|Any CPU.ActiveCfg = Release|Any CPU
		{0FA29F9D-29E6-4108-AA3C-DBB4192A43EA}.Release|Any CPU.Build.0 = Release|Any CPU
		{D8D0D6EA-BCF1-44FB-8454-452D984B1C3F}.Debug|Any CPU.ActiveCfg = Debug|Any CPU
		{D8D0D6EA-BCF1-44FB-8454-452D984B1C3F}.Debug|Any CPU.Build.0 = Debug|Any CPU
		{D8D0D6EA-BCF1-44FB-8454-452D984B1C3F}.Release|Any CPU.ActiveCfg = Release|Any CPU
		{D8D0D6EA-BCF1-44FB-8454-452D984B1C3F}.Release|Any CPU.Build.0 = Release|Any CPU
		{E40E4651-C0A8-4FAD-AF19-227B21FE6045}.Debug|Any CPU.ActiveCfg = Debug|Any CPU
		{E40E4651-C0A8-4FAD-AF19-227B21FE6045}.Debug|Any CPU.Build.0 = Debug|Any CPU
		{E40E4651-C0A8-4FAD-AF19-227B21FE6045}.Release|Any CPU.ActiveCfg = Release|Any CPU
		{E40E4651-C0A8-4FAD-AF19-227B21FE6045}.Release|Any CPU.Build.0 = Release|Any CPU
	EndGlobalSection
	GlobalSection(SolutionProperties) = preSolution
		HideSolutionNode = FALSE
	EndGlobalSection
	GlobalSection(NestedProjects) = preSolution
		{DDA6BC1A-E7A6-4C17-9DB8-5B9A755CC933} = {7F26D3A7-D104-4B1C-80BD-A68F927B7364}
		{EF836E0A-2E06-4A83-88EB-C2E97643BF99} = {7F26D3A7-D104-4B1C-80BD-A68F927B7364}
		{9CFF03B5-149D-4788-80CD-0F90A2A58659} = {7F26D3A7-D104-4B1C-80BD-A68F927B7364}
		{B3EE4AD7-D7E8-447D-ABE6-DC9E764380AD} = {7F26D3A7-D104-4B1C-80BD-A68F927B7364}
		{1E43A0EA-9A78-4618-8E3B-8F8C2F833F04} = {7F26D3A7-D104-4B1C-80BD-A68F927B7364}
		{6CABA8AC-A822-4D76-B966-7FE3402257D0} = {99F77982-9FE2-4B5E-A590-670732AA9C6B}
		{5F93DE4F-EB9C-427D-877F-07AAB6C94307} = {99F77982-9FE2-4B5E-A590-670732AA9C6B}
		{E0D74A84-906B-44DE-8073-CE53ED5C1B07} = {99F77982-9FE2-4B5E-A590-670732AA9C6B}
		{83EEEB17-6B32-4F09-87EF-EDE60B10A4E1} = {99F77982-9FE2-4B5E-A590-670732AA9C6B}
		{663AB062-4965-45D9-8AB3-7E997BE32BC9} = {99F77982-9FE2-4B5E-A590-670732AA9C6B}
		{8A23874D-36AB-46FA-84AB-6064F47CA052} = {1E85B694-86AB-42DB-89C7-FA4F56F50F71}
		{65E980B5-5819-47FF-A553-9D468D2EEF26} = {1E85B694-86AB-42DB-89C7-FA4F56F50F71}
		{D98DEB9B-E932-4E63-9A27-25CD8120997E} = {C8D4ED17-1FB2-4687-BA52-E41651604724}
		{D227E8A6-7F44-4F13-A9F1-B983A4BB9470} = {C8D4ED17-1FB2-4687-BA52-E41651604724}
		{50C38AF8-182E-4D1C-9653-386841FD89B9} = {58806FDD-4F77-4893-8A51-02DB5305F1D4}
		{A191E938-8EE9-4B46-882E-0F8283F7CA32} = {58806FDD-4F77-4893-8A51-02DB5305F1D4}
		{81EC4367-A22C-4339-BC81-FF743068F53B} = {58806FDD-4F77-4893-8A51-02DB5305F1D4}
		{78EAD179-43E9-4558-AEDA-96E24E8A70DA} = {58806FDD-4F77-4893-8A51-02DB5305F1D4}
		{A8E3C17F-34A9-4910-BD3B-A15428D33583} = {7667BD74-BA31-466C-9D06-26B973A17D5E}
		{D4A986C8-487C-4B84-97B1-D739D8BAC4D3} = {7667BD74-BA31-466C-9D06-26B973A17D5E}
		{0FA29F9D-29E6-4108-AA3C-DBB4192A43EA} = {7667BD74-BA31-466C-9D06-26B973A17D5E}
		{D8D0D6EA-BCF1-44FB-8454-452D984B1C3F} = {7667BD74-BA31-466C-9D06-26B973A17D5E}
		{E40E4651-C0A8-4FAD-AF19-227B21FE6045} = {AB17B294-BCFF-493E-B0AA-F9C28AAD8F3C}
	EndGlobalSection
	GlobalSection(ExtensibilityGlobals) = postSolution
		SolutionGuid = {54D6DDCE-C31D-4F79-A4EE-3E61DF3F4C72}
	EndGlobalSection
EndGlobal
